
Microsoft Visual Studio Solution File, Format Version 12.00
# Visual Studio 15
VisualStudioVersion = 15.0.28307.902
MinimumVisualStudioVersion = 10.0.40219.1
Project("{FAE04EC0-301F-11D3-BF4B-00C04F79EFBC}") = "VOICEVOX_CPU_NUM_THREADS_TEST", "VOICEVOX_CPU_NUM_THREADS_TEST\VOICEVOX_CPU_NUM_THREADS_TEST.csproj", "{B9039535-80C5-4740-9CB9-7A4E8425A183}"
EndProject
Global
	GlobalSection(SolutionConfigurationPlatforms) = preSolution
		Debug|Any CPU = Debug|Any CPU
		Release|Any CPU = Release|Any CPU
	EndGlobalSection
	GlobalSection(ProjectConfigurationPlatforms) = postSolution
		{B9039535-80C5-4740-9CB9-7A4E8425A183}.Debug|Any CPU.ActiveCfg = Debug|Any CPU
		{B9039535-80C5-4740-9CB9-7A4E8425A183}.Debug|Any CPU.Build.0 = Debug|Any CPU
		{B9039535-80C5-4740-9CB9-7A4E8425A183}.Release|Any CPU.ActiveCfg = Release|Any CPU
		{B9039535-80C5-4740-9CB9-7A4E8425A183}.Release|Any CPU.Build.0 = Release|Any CPU
	EndGlobalSection
	GlobalSection(SolutionProperties) = preSolution
		HideSolutionNode = FALSE
	EndGlobalSection
	GlobalSection(ExtensibilityGlobals) = postSolution
		SolutionGuid = {1445BB70-B30D-4EFD-A35F-3644AC8AC1FE}
	EndGlobalSection
EndGlobal
